
Microsoft Visual Studio Solution File, Format Version 12.00
# Visual Studio Version 17
VisualStudioVersion = 17.4.33205.214
MinimumVisualStudioVersion = 10.0.40219.1
Project("{FAE04EC0-301F-11D3-BF4B-00C04F79EFBC}") = "Journal", "Journal\Journal.csproj", "{22936DAD-C113-4591-A886-C7BEBAEA0092}"
EndProject
Global
	GlobalSection(SolutionConfigurationPlatforms) = preSolution
		Debug|Any CPU = Debug|Any CPU
		Release|Any CPU = Release|Any CPU
	EndGlobalSection
	GlobalSection(ProjectConfigurationPlatforms) = postSolution
		{22936DAD-C113-4591-A886-C7BEBAEA0092}.Debug|Any CPU.ActiveCfg = Debug|Any CPU
		{22936DAD-C113-4591-A886-C7BEBAEA0092}.Debug|Any CPU.Build.0 = Debug|Any CPU
		{22936DAD-C113-4591-A886-C7BEBAEA0092}.Release|Any CPU.ActiveCfg = Release|Any CPU
		{22936DAD-C113-4591-A886-C7BEBAEA0092}.Release|Any CPU.Build.0 = Release|Any CPU
	EndGlobalSection
	GlobalSection(SolutionProperties) = preSolution
		HideSolutionNode = FALSE
	EndGlobalSection
	GlobalSection(ExtensibilityGlobals) = postSolution
		SolutionGuid = {194E1BDF-EB8A-478F-A1A1-D79E93852CA9}
	EndGlobalSection
EndGlobal
